golang.org/x/exp v0.0.0-20221110155412-d0897a79cd37 h1:wKMvZzBFHbOCGvF2OmxR5Fqv/jDlkt7slnPz5ejEU8A=
golang.org/x/exp v0.0.0-20221110155412-d0897a79cd37/go.mod h1:CxIveKay+FTh1D0yPZemJVgC/95VzuuOLq5Qi4xnoYc=
golang.org/x/exp v0.0.0-20230129154200-a960b3787bd2 h1:5sPMf9HJXrvBWIamTw+rTST0bZ3Mho2n1p58M0+W99c=
golang.org/x/exp v0.0.0-20230129154200-a960b3787bd2/go.mod h1:CxIveKay+FTh1D0yPZemJVgC/95VzuuOLq5Qi4xnoYc=
golang.org/x/exp v0.0.0-20230321023759-10a507213a29 h1:ooxPy7fPvB4kwsA2h+iBNHkAbp/4JxTSwCmvdjEYmug=
golang.org/x/exp v0.0.0-20230321023759-10a507213a29/go.mod h1:CxIveKay+FTh1D0yPZemJVgC/95VzuuOLq5Qi4xnoYc=
